Microsoft Visual Studio Solution File, Format Version 11.00
# Visual Studio 2008

Project("{926F0E75-CB62-05CE-B7AF-C09F024492EC}") = "Masks", "Assembly-CSharp-vs.csproj", "{DAC65FE2-6BA6-286F-60B2-2C1CDB29C47B}"
EndProject
Global
	GlobalSection(SolutionConfigurationPlatforms) = preSolution
		Debug|Any CPU = Debug|Any CPU
		Release|Any CPU = Release|Any CPU
	EndGlobalSection
	GlobalSection(ProjectConfigurationPlatforms) = postSolution
		{DAC65FE2-6BA6-286F-60B2-2C1CDB29C47B}.Debug|Any CPU.ActiveCfg = Debug|Any CPU
		{DAC65FE2-6BA6-286F-60B2-2C1CDB29C47B}.Debug|Any CPU.Build.0 = Debug|Any CPU
		{DAC65FE2-6BA6-286F-60B2-2C1CDB29C47B}.Release|Any CPU.ActiveCfg = Release|Any CPU
		{DAC65FE2-6BA6-286F-60B2-2C1CDB29C47B}.Release|Any CPU.Build.0 = Release|Any CPU
	EndGlobalSection
	GlobalSection(SolutionProperties) = preSolution
		HideSolutionNode = FALSE
	EndGlobalSection
	
EndGlobal
